
Microsoft Visual Studio Solution File, Format Version 12.00
# Visual Studio Version 16
VisualStudioVersion = 16.0.31025.194
MinimumVisualStudioVersion = 10.0.40219.1
Project("{9A19103F-16F7-4668-BE54-9A1E7A4F7556}") = "FMModels", "FMModels\FMModels.csproj", "{89426B55-87A0-4720-BE98-591B31D03A7E}"
EndProject
Project("{9A19103F-16F7-4668-BE54-9A1E7A4F7556}") = "FMBL", "FMBL\FMBL.csproj", "{C5AD7666-373C-477A-AB21-C43617957E73}"
	ProjectSection(ProjectDependencies) = postProject
		{FACE1B07-6795-43F7-99D4-0A717963013B} = {FACE1B07-6795-43F7-99D4-0A717963013B}
		{89426B55-87A0-4720-BE98-591B31D03A7E} = {89426B55-87A0-4720-BE98-591B31D03A7E}
	EndProjectSection
EndProject
Project("{9A19103F-16F7-4668-BE54-9A1E7A4F7556}") = "FMDL", "FMDL\FMDL.csproj", "{FACE1B07-6795-43F7-99D4-0A717963013B}"
	ProjectSection(ProjectDependencies) = postProject
		{89426B55-87A0-4720-BE98-591B31D03A7E} = {89426B55-87A0-4720-BE98-591B31D03A7E}
	EndProjectSection
EndProject
Project("{9A19103F-16F7-4668-BE54-9A1E7A4F7556}") = "FMMVC", "FMMVC\FMMVC.csproj", "{AE4542DE-7204-49BF-AE95-78C5A36A9020}"
EndProject
Global
	GlobalSection(SolutionConfigurationPlatforms) = preSolution
		Debug|Any CPU = Debug|Any CPU
		Release|Any CPU = Release|Any CPU
	EndGlobalSection
	GlobalSection(ProjectConfigurationPlatforms) = postSolution
		{89426B55-87A0-4720-BE98-591B31D03A7E}.Debug|Any CPU.ActiveCfg = Debug|Any CPU
		{89426B55-87A0-4720-BE98-591B31D03A7E}.Debug|Any CPU.Build.0 = Debug|Any CPU
		{89426B55-87A0-4720-BE98-591B31D03A7E}.Release|Any CPU.ActiveCfg = Release|Any CPU
		{89426B55-87A0-4720-BE98-591B31D03A7E}.Release|Any CPU.Build.0 = Release|Any CPU
		{C5AD7666-373C-477A-AB21-C43617957E73}.Debug|Any CPU.ActiveCfg = Debug|Any CPU
		{C5AD7666-373C-477A-AB21-C43617957E73}.Debug|Any CPU.Build.0 = Debug|Any CPU
		{C5AD7666-373C-477A-AB21-C43617957E73}.Release|Any CPU.ActiveCfg = Release|Any CPU
		{C5AD7666-373C-477A-AB21-C43617957E73}.Release|Any CPU.Build.0 = Release|Any CPU
		{FACE1B07-6795-43F7-99D4-0A717963013B}.Debug|Any CPU.ActiveCfg = Debug|Any CPU
		{FACE1B07-6795-43F7-99D4-0A717963013B}.Debug|Any CPU.Build.0 = Debug|Any CPU
		{FACE1B07-6795-43F7-99D4-0A717963013B}.Release|Any CPU.ActiveCfg = Release|Any CPU
		{FACE1B07-6795-43F7-99D4-0A717963013B}.Release|Any CPU.Build.0 = Release|Any CPU
		{AE4542DE-7204-49BF-AE95-78C5A36A9020}.Debug|Any CPU.ActiveCfg = Debug|Any CPU
		{AE4542DE-7204-49BF-AE95-78C5A36A9020}.Debug|Any CPU.Build.0 = Debug|Any CPU
		{AE4542DE-7204-49BF-AE95-78C5A36A9020}.Release|Any CPU.ActiveCfg = Release|Any CPU
		{AE4542DE-7204-49BF-AE95-78C5A36A9020}.Release|Any CPU.Build.0 = Release|Any CPU
	EndGlobalSection
	GlobalSection(SolutionProperties) = preSolution
		HideSolutionNode = FALSE
	EndGlobalSection
	GlobalSection(ExtensibilityGlobals) = postSolution
		SolutionGuid = {14D18CBF-9619-4710-B816-54617D770B87}
	EndGlobalSection
EndGlobal
