
Microsoft Visual Studio Solution File, Format Version 12.00
# Visual Studio Version 16
VisualStudioVersion = 16.0.31025.194
MinimumVisualStudioVersion = 10.0.40219.1
Project("{FAE04EC0-301F-11D3-BF4B-00C04F79EFBC}") = "FMModels", "FMModels\FMModels.csproj", "{89426B55-87A0-4720-BE98-591B31D03A7E}"
EndProject
Global
	GlobalSection(SolutionConfigurationPlatforms) = preSolution
		Debug|Any CPU = Debug|Any CPU
		Release|Any CPU = Release|Any CPU
	EndGlobalSection
	GlobalSection(ProjectConfigurationPlatforms) = postSolution
		{89426B55-87A0-4720-BE98-591B31D03A7E}.Debug|Any CPU.ActiveCfg = Debug|Any CPU
		{89426B55-87A0-4720-BE98-591B31D03A7E}.Debug|Any CPU.Build.0 = Debug|Any CPU
		{89426B55-87A0-4720-BE98-591B31D03A7E}.Release|Any CPU.ActiveCfg = Release|Any CPU
		{89426B55-87A0-4720-BE98-591B31D03A7E}.Release|Any CPU.Build.0 = Release|Any CPU
	EndGlobalSection
	GlobalSection(SolutionProperties) = preSolution
		HideSolutionNode = FALSE
	EndGlobalSection
	GlobalSection(ExtensibilityGlobals) = postSolution
		SolutionGuid = {14D18CBF-9619-4710-B816-54617D770B87}
	EndGlobalSection
EndGlobal
